
Microsoft Visual Studio Solution File, Format Version 11.00
# Visual Studio 2010
Project("{FAE04EC0-301F-11D3-BF4B-00C04F79EFBC}") = "Approximator", "Assembly-CSharp-firstpass.csproj", "{C2751141-3621-5EE1-DAD0-8C9834E9FAA1}"
EndProject
Project("{FAE04EC0-301F-11D3-BF4B-00C04F79EFBC}") = "Approximator", "Assembly-CSharp.csproj", "{AF001837-EE7E-8798-44D2-FC8ADB339470}"
EndProject
Global
	GlobalSection(SolutionConfigurationPlatforms) = preSolution
		Debug|Any CPU = Debug|Any CPU
		Release|Any CPU = Release|Any CPU
	EndGlobalSection
	GlobalSection(ProjectConfigurationPlatforms) = postSolution
		{C2751141-3621-5EE1-DAD0-8C9834E9FAA1}.Debug|Any CPU.ActiveCfg = Debug|Any CPU
		{C2751141-3621-5EE1-DAD0-8C9834E9FAA1}.Debug|Any CPU.Build.0 = Debug|Any CPU
		{C2751141-3621-5EE1-DAD0-8C9834E9FAA1}.Release|Any CPU.ActiveCfg = Release|Any CPU
		{C2751141-3621-5EE1-DAD0-8C9834E9FAA1}.Release|Any CPU.Build.0 = Release|Any CPU
		{AF001837-EE7E-8798-44D2-FC8ADB339470}.Debug|Any CPU.ActiveCfg = Debug|Any CPU
		{AF001837-EE7E-8798-44D2-FC8ADB339470}.Debug|Any CPU.Build.0 = Debug|Any CPU
		{AF001837-EE7E-8798-44D2-FC8ADB339470}.Release|Any CPU.ActiveCfg = Release|Any CPU
		{AF001837-EE7E-8798-44D2-FC8ADB339470}.Release|Any CPU.Build.0 = Release|Any CPU
	EndGlobalSection
	GlobalSection(SolutionProperties) = preSolution
		HideSolutionNode = FALSE
	EndGlobalSection
	GlobalSection(MonoDevelopProperties) = preSolution
		StartupItem = Assembly-CSharp.csproj
	EndGlobalSection
EndGlobal
